// !$*UTF8*$!
{
	archiveVersion = 1;
	classes = {
	};
	objectVersion = 50;
	objects = {

/* Begin PBXBuildFile section */
		8F77D41120C697A1003B26C5 /* AppDelegate.swift in Sources */ = {isa = PBXBuildFile; fileRef = 8F77D41020C697A1003B26C5 /* AppDelegate.swift */; };
		8F77D41320C697A1003B26C5 /* ViewController.swift in Sources */ = {isa = PBXBuildFile; fileRef = 8F77D41220C697A1003B26C5 /* ViewController.swift */; };
		8F77D41620C697A1003B26C5 /* Main.storyboard in Resources */ = {isa = PBXBuildFile; fileRef = 8F77D41420C697A1003B26C5 /* Main.storyboard */; };
		8F77D41820C697A5003B26C5 /* Assets.xcassets in Resources */ = {isa = PBXBuildFile; fileRef = 8F77D41720C697A5003B26C5 /* Assets.xcassets */; };
		8F77D41B20C697A5003B26C5 /* LaunchScreen.storyboard in Resources */ = {isa = PBXBuildFile; fileRef = 8F77D41920C697A5003B26C5 /* LaunchScreen.storyboard */; };
		D6913ECAA3F6697432F54817 /* Pods_TLab_Overflow.framework in Frameworks */ = {isa = PBXBuildFile; fileRef = EFCAE647BCD394455A41F191 /* Pods_TLab_Overflow.framework */; };
/* End PBXBuildFile section */

/* Begin PBXFileReference section */
		8F77D40D20C697A1003B26C5 /* TLab Overflow.app */ = {isa = PBXFileReference; explicitFileType = wrapper.application; includeInIndex = 0; path = "TLab Overflow.app"; sourceTree = BUILT_PRODUCTS_DIR; };
		8F77D41020C697A1003B26C5 /* AppDelegate.swift */ = {isa = PBXFileReference; lastKnownFileType = sourcecode.swift; path = AppDelegate.swift; sourceTree = "<group>"; };
		8F77D41220C697A1003B26C5 /* ViewController.swift */ = {isa = PBXFileReference; lastKnownFileType = sourcecode.swift; path = ViewController.swift; sourceTree = "<group>"; };
		8F77D41520C697A1003B26C5 /* Base */ = {isa = PBXFileReference; lastKnownFileType = file.storyboard; name = Base; path = Base.lproj/Main.storyboard; sourceTree = "<group>"; };
		8F77D41720C697A5003B26C5 /* Assets.xcassets */ = {isa = PBXFileReference; lastKnownFileType = folder.assetcatalog; path = Assets.xcassets; sourceTree = "<group>"; };
		8F77D41A20C697A5003B26C5 /* Base */ = {isa = PBXFileReference; lastKnownFileType = file.storyboard; name = Base; path = Base.lproj/LaunchScreen.storyboard; sourceTree = "<group>"; };
		8F77D41C20C697A5003B26C5 /* Info.plist */ = {isa = PBXFileReference; lastKnownFileType = text.plist.xml; path = Info.plist; sourceTree = "<group>"; };
		A7368541C155911D2F997147 /* Pods-TLab Overflow.release.xcconfig */ = {isa = PBXFileReference; includeInIndex = 1; lastKnownFileType = text.xcconfig; name = "Pods-TLab Overflow.release.xcconfig"; path = "Pods/Target Support Files/Pods-TLab Overflow/Pods-TLab Overflow.release.xcconfig"; sourceTree = "<group>"; };
		E44362F829C09B18338DD8E3 /* Pods-TLab Overflow.debug.xcconfig */ = {isa = PBXFileReference; includeInIndex = 1; lastKnownFileType = text.xcconfig; name = "Pods-TLab Overflow.debug.xcconfig"; path = "Pods/Target Support Files/Pods-TLab Overflow/Pods-TLab Overflow.debug.xcconfig"; sourceTree = "<group>"; };
		EFCAE647BCD394455A41F191 /* Pods_TLab_Overflow.framework */ = {isa = PBXFileReference; explicitFileType = wrapper.framework; includeInIndex = 0; path = Pods_TLab_Overflow.framework; sourceTree = BUILT_PRODUCTS_DIR; };
/* End PBXFileReference section */

/* Begin PBXFrameworksBuildPhase section */
		8F77D40A20C697A1003B26C5 /* Frameworks */ = {
			isa = PBXFrameworksBuildPhase;
			buildActionMask = 2147483647;
			files = (
				D6913ECAA3F6697432F54817 /* Pods_TLab_Overflow.framework in Frameworks */,
			);
			runOnlyForDeploymentPostprocessing = 0;
		};
/* End PBXFrameworksBuildPhase section */

/* Begin PBXGroup section */
		47E2932468542CD75CCCA8C8 /* Frameworks */ = {
			isa = PBXGroup;
			children = (
				EFCAE647BCD394455A41F191 /* Pods_TLab_Overflow.framework */,
			);
			name = Frameworks;
			sourceTree = "<group>";
		};
		8F38FF3C416EBC025B8B9142 /* Pods */ = {
			isa = PBXGroup;
			children = (
				E44362F829C09B18338DD8E3 /* Pods-TLab Overflow.debug.xcconfig */,
				A7368541C155911D2F997147 /* Pods-TLab Overflow.release.xcconfig */,
			);
			name = Pods;
			sourceTree = "<group>";
		};
		8F77D40420C697A1003B26C5 = {
			isa = PBXGroup;
			children = (
				8F77D40F20C697A1003B26C5 /* TLab Overflow */,
				8F77D40E20C697A1003B26C5 /* Products */,
				8F38FF3C416EBC025B8B9142 /* Pods */,
				47E2932468542CD75CCCA8C8 /* Frameworks */,
			);
			sourceTree = "<group>";
		};
		8F77D40E20C697A1003B26C5 /* Products */ = {
			isa = PBXGroup;
			children = (
				8F77D40D20C697A1003B26C5 /* TLab Overflow.app */,
			);
			name = Products;
			sourceTree = "<group>";
		};
		8F77D40F20C697A1003B26C5 /* TLab Overflow */ = {
			isa = PBXGroup;
			children = (
				8F77D41020C697A1003B26C5 /* AppDelegate.swift */,
				8F77D41220C697A1003B26C5 /* ViewController.swift */,
				8F77D41420C697A1003B26C5 /* Main.storyboard */,
				8F77D41720C697A5003B26C5 /* Assets.xcassets */,
				8F77D41920C697A5003B26C5 /* LaunchScreen.storyboard */,
				8F77D41C20C697A5003B26C5 /* Info.plist */,
			);
			path = "TLab Overflow";
			sourceTree = "<group>";
		};
/* End PBXGroup section */

/* Begin PBXNativeTarget section */
		8F77D40C20C697A1003B26C5 /* TLab Overflow */ = {
			isa = PBXNativeTarget;
			buildConfigurationList = 8F77D41F20C697A5003B26C5 /* Build configuration list for PBXNativeTarget "TLab Overflow" */;
			buildPhases = (
				5B2FCF0233B0941FA22CAB8D /* [CP] Check Pods Manifest.lock */,
				8F77D40920C697A1003B26C5 /* Sources */,
				8F77D40A20C697A1003B26C5 /* Frameworks */,
				8F77D40B20C697A1003B26C5 /* Resources */,
				D77F163714923F710FEFA28C /* [CP] Embed Pods Frameworks */,
				5FAC4A4E8028D5A5432C43F9 /* [CP] Copy Pods Resources */,
			);
			buildRules = (
			);
			dependencies = (
			);
			name = "TLab Overflow";
			productName = "TLab Overflow";
			productReference = 8F77D40D20C697A1003B26C5 /* TLab Overflow.app */;
			productType = "com.apple.product-type.application";
		};
/* End PBXNativeTarget section */

/* Begin PBXProject section */
		8F77D40520C697A1003B26C5 /* Project object */ = {
			isa = PBXProject;
			attributes = {
				LastSwiftUpdateCheck = 0930;
				LastUpgradeCheck = 0930;
				ORGANIZATIONNAME = TLab;
				TargetAttributes = {
					8F77D40C20C697A1003B26C5 = {
						CreatedOnToolsVersion = 9.3;
					};
				};
			};
			buildConfigurationList = 8F77D40820C697A1003B26C5 /* Build configuration list for PBXProject "TLab Overflow" */;
			compatibilityVersion = "Xcode 9.3";
			developmentRegion = en;
			hasScannedForEncodings = 0;
			knownRegions = (
				en,
				Base,
			);
			mainGroup = 8F77D40420C697A1003B26C5;
			productRefGroup = 8F77D40E20C697A1003B26C5 /* Products */;
			projectDirPath = "";
			projectRoot = "";
			targets = (
				8F77D40C20C697A1003B26C5 /* TLab Overflow */,
			);
		};
/* End PBXProject section */

/* Begin PBXResourcesBuildPhase section */
		8F77D40B20C697A1003B26C5 /* Resources */ = {
			isa = PBXResourcesBuildPhase;
			buildActionMask = 2147483647;
			files = (
				8F77D41B20C697A5003B26C5 /* LaunchScreen.storyboard in Resources */,
				8F77D41820C697A5003B26C5 /* Assets.xcassets in Resources */,
				8F77D41620C697A1003B26C5 /* Main.storyboard in Resources */,
			);
			runOnlyForDeploymentPostprocessing = 0;
		};
/* End PBXResourcesBuildPhase section */

/* Begin PBXShellScriptBuildPhase section */
		5B2FCF0233B0941FA22CAB8D /* [CP] Check Pods Manifest.lock */ = {
			isa = PBXShellScriptBuildPhase;
			buildActionMask = 2147483647;
			files = (
			);
			inputPaths = (
				"${PODS_PODFILE_DIR_PATH}/Podfile.lock",
				"${PODS_ROOT}/Manifest.lock",
			);
			name = "[CP] Check Pods Manifest.lock";
			outputPaths = (
				"$(DERIVED_FILE_DIR)/Pods-TLab Overflow-checkManifestLockResult.txt",
			);
			runOnlyForDeploymentPostprocessing = 0;
			shellPath = /bin/sh;
			shellScript = "diff \"${PODS_PODFILE_DIR_PATH}/Podfile.lock\" \"${PODS_ROOT}/Manifest.lock\" > /dev/null\nif [ $? != 0 ] ; then\n    # print error to STDERR\n    echo \"error: The sandbox is not in sync with the Podfile.lock. Run 'pod install' or update your CocoaPods installation.\" >&2\n    exit 1\nfi\n# This output is used by Xcode 'outputs' to avoid re-running this script phase.\necho \"SUCCESS\" > \"${SCRIPT_OUTPUT_FILE_0}\"\n";
			showEnvVarsInLog = 0;
		};
		5FAC4A4E8028D5A5432C43F9 /* [CP] Copy Pods Resources */ = {
			isa = PBXShellScriptBuildPhase;
			buildActionMask = 2147483647;
			files = (
			);
			inputPaths = (
			);
			name = "[CP] Copy Pods Resources";
			outputPaths = (
			);
			runOnlyForDeploymentPostprocessing = 0;
			shellPath = /bin/sh;
			shellScript = "\"${SRCROOT}/Pods/Target Support Files/Pods-TLab Overflow/Pods-TLab Overflow-resources.sh\"\n";
			showEnvVarsInLog = 0;
		};
		D77F163714923F710FEFA28C /* [CP] Embed Pods Frameworks */ = {
			isa = PBXShellScriptBuildPhase;
			buildActionMask = 2147483647;
			files = (
			);
			inputPaths = (
			);
			name = "[CP] Embed Pods Frameworks";
			outputPaths = (
			);
			runOnlyForDeploymentPostprocessing = 0;
			shellPath = /bin/sh;
			shellScript = "\"${SRCROOT}/Pods/Target Support Files/Pods-TLab Overflow/Pods-TLab Overflow-frameworks.sh\"\n";
			showEnvVarsInLog = 0;
		};
/* End PBXShellScriptBuildPhase section */

/* Begin PBXSourcesBuildPhase section */
		8F77D40920C697A1003B26C5 /* Sources */ = {
			isa = PBXSourcesBuildPhase;
			buildActionMask = 2147483647;
			files = (
				8F77D41320C697A1003B26C5 /* ViewController.swift in Sources */,
				8F77D41120C697A1003B26C5 /* AppDelegate.swift in Sources */,
			);
			runOnlyForDeploymentPostprocessing = 0;
		};
/* End PBXSourcesBuildPhase section */

/* Begin PBXVariantGroup section */
		8F77D41420C697A1003B26C5 /* Main.storyboard */ = {
			isa = PBXVariantGroup;
			children = (
				8F77D41520C697A1003B26C5 /* Base */,
			);
			name = Main.storyboard;
			sourceTree = "<group>";
		};
		8F77D41920C697A5003B26C5 /* LaunchScreen.storyboard */ = {
			isa = PBXVariantGroup;
			children = (
				8F77D41A20C697A5003B26C5 /* Base */,
			);
			name = LaunchScreen.storyboard;
			sourceTree = "<group>";
		};
/* End PBXVariantGroup section */

/* Begin XCBuildConfiguration section */
		8F77D41D20C697A5003B26C5 /* Debug */ = {
			isa = XCBuildConfiguration;
			buildSettings = {
				ALWAYS_SEARCH_USER_PATHS = NO;
				CLANG_ANALYZER_NONNULL = YES;
				CLANG_ANALYZER_NUMBER_OBJECT_CONVERSION = YES_AGGRESSIVE;
				CLANG_CXX_LANGUAGE_STANDARD = "gnu++14";
				CLANG_CXX_LIBRARY = "libc++";
				CLANG_ENABLE_MODULES = YES;
				CLANG_ENABLE_OBJC_ARC = YES;
				CLANG_ENABLE_OBJC_WEAK = YES;
				CLANG_WARN_BLOCK_CAPTURE_AUTORELEASING = YES;
				CLANG_WARN_BOOL_CONVERSION = YES;
				CLANG_WARN_COMMA = YES;
				CLANG_WARN_CONSTANT_CONVERSION = YES;
				CLANG_WARN_DEPRECATED_OBJC_IMPLEMENTATIONS = YES;
				CLANG_WARN_DIRECT_OBJC_ISA_USAGE = YES_ERROR;
				CLANG_WARN_DOCUMENTATION_COMMENTS = YES;
				CLANG_WARN_EMPTY_BODY = YES;
				CLANG_WARN_ENUM_CONVERSION = YES;
				CLANG_WARN_INFINITE_RECURSION = YES;
				CLANG_WARN_INT_CONVERSION = YES;
				CLANG_WARN_NON_LITERAL_NULL_CONVERSION = YES;
				CLANG_WARN_OBJC_IMPLICIT_RETAIN_SELF = YES;
				CLANG_WARN_OBJC_LITERAL_CONVERSION = YES;
				CLANG_WARN_OBJC_ROOT_CLASS = YES_ERROR;
				CLANG_WARN_RANGE_LOOP_ANALYSIS = YES;
				CLANG_WARN_STRICT_PROTOTYPES = YES;
				CLANG_WARN_SUSPICIOUS_MOVE = YES;
				CLANG_WARN_UNGUARDED_AVAILABILITY = YES_AGGRESSIVE;
				CLANG_WARN_UNREACHABLE_CODE = YES;
				CLANG_WARN__DUPLICATE_METHOD_MATCH = YES;
				CODE_SIGN_IDENTITY = "iPhone Developer";
				COPY_PHASE_STRIP = NO;
				DEBUG_INFORMATION_FORMAT = dwarf;
				ENABLE_STRICT_OBJC_MSGSEND = YES;
				ENABLE_TESTABILITY = YES;
				GCC_C_LANGUAGE_STANDARD = gnu11;
				GCC_DYNAMIC_NO_PIC = NO;
				GCC_NO_COMMON_BLOCKS = YES;
				GCC_OPTIMIZATION_LEVEL = 0;
				GCC_PREPROCESSOR_DEFINITIONS = (
					"DEBUG=1",
					"$(inherited)",
				);
				GCC_WARN_64_TO_32_BIT_CONVERSION = YES;
				GCC_WARN_ABOUT_RETURN_TYPE = YES_ERROR;
				GCC_WARN_UNDECLARED_SELECTOR = YES;
				GCC_WARN_UNINITIALIZED_AUTOS = YES_AGGRESSIVE;
				GCC_WARN_UNUSED_FUNCTION = YES;
				GCC_WARN_UNUSED_VARIABLE = YES;
				IPHONEOS_DEPLOYMENT_TARGET = 11.3;
				MTL_ENABLE_DEBUG_INFO = YES;
				ONLY_ACTIVE_ARCH = YES;
				SDKROOT = iphoneos;
				SWIFT_ACTIVE_COMPILATION_CONDITIONS = DEBUG;
				SWIFT_OPTIMIZATION_LEVEL = "-Onone";
			};
			name = Debug;
		};
		8F77D41E20C697A5003B26C5 /* Release */ = {
			isa = XCBuildConfiguration;
			buildSettings = {
				ALWAYS_SEARCH_USER_PATHS = NO;
				CLANG_ANALYZER_NONNULL = YES;
				CLANG_ANALYZER_NUMBER_OBJECT_CONVERSION = YES_AGGRESSIVE;
				CLANG_CXX_LANGUAGE_STANDARD = "gnu++14";
				CLANG_CXX_LIBRARY = "libc++";
				CLANG_ENABLE_MODULES = YES;
				CLANG_ENABLE_OBJC_ARC = YES;
				CLANG_ENABLE_OBJC_WEAK = YES;
				CLANG_WARN_BLOCK_CAPTURE_AUTORELEASING = YES;
				CLANG_WARN_BOOL_CONVERSION = YES;
				CLANG_WARN_COMMA = YES;
				CLANG_WARN_CONSTANT_CONVERSION = YES;
				CLANG_WARN_DEPRECATED_OBJC_IMPLEMENTATIONS = YES;
				CLANG_WARN_DIRECT_OBJC_ISA_USAGE = YES_ERROR;
				CLANG_WARN_DOCUMENTATION_COMMENTS = YES;
				CLANG_WARN_EMPTY_BODY = YES;
				CLANG_WARN_ENUM_CONVERSION = YES;
				CLANG_WARN_INFINITE_RECURSION = YES;
				CLANG_WARN_INT_CONVERSION = YES;
				CLANG_WARN_NON_LITERAL_NULL_CONVERSION = YES;
				CLANG_WARN_OBJC_IMPLICIT_RETAIN_SELF = YES;
				CLANG_WARN_OBJC_LITERAL_CONVERSION = YES;
				CLANG_WARN_OBJC_ROOT_CLASS = YES_ERROR;
				CLANG_WARN_RANGE_LOOP_ANALYSIS = YES;
				CLANG_WARN_STRICT_PROTOTYPES = YES;
				CLANG_WARN_SUSPICIOUS_MOVE = YES;
				CLANG_WARN_UNGUARDED_AVAILABILITY = YES_AGGRESSIVE;
				CLANG_WARN_UNREACHABLE_CODE = YES;
				CLANG_WARN__DUPLICATE_METHOD_MATCH = YES;
				CODE_SIGN_IDENTITY = "iPhone Developer";
				COPY_PHASE_STRIP = NO;
				DEBUG_INFORMATION_FORMAT = "dwarf-with-dsym";
				ENABLE_NS_ASSERTIONS = NO;
				ENABLE_STRICT_OBJC_MSGSEND = YES;
				GCC_C_LANGUAGE_STANDARD = gnu11;
				GCC_NO_COMMON_BLOCKS = YES;
				GCC_WARN_64_TO_32_BIT_CONVERSION = YES;
				GCC_WARN_ABOUT_RETURN_TYPE = YES_ERROR;
				GCC_WARN_UNDECLARED_SELECTOR = YES;
				GCC_WARN_UNINITIALIZED_AUTOS = YES_AGGRESSIVE;
				GCC_WARN_UNUSED_FUNCTION = YES;
				GCC_WARN_UNUSED_VARIABLE = YES;
				IPHONEOS_DEPLOYMENT_TARGET = 11.3;
				MTL_ENABLE_DEBUG_INFO = NO;
				SDKROOT = iphoneos;
				SWIFT_COMPILATION_MODE = wholemodule;
				SWIFT_OPTIMIZATION_LEVEL = "-O";
				VALIDATE_PRODUCT = YES;
			};
			name = Release;
		};
		8F77D42020C697A5003B26C5 /* Debug */ = {
			isa = XCBuildConfiguration;
			baseConfigurationReference = E44362F829C09B18338DD8E3 /* Pods-TLab Overflow.debug.xcconfig */;
			buildSettings = {
				ASSETCATALOG_COMPILER_APPICON_NAME = AppIcon;
				CODE_SIGN_IDENTITY = "iPhone Developer";
				CODE_SIGN_STYLE = Automatic;
				DEVELOPMENT_TEAM = Q5CT794W3M;
				INFOPLIST_FILE = "TLab Overflow/Info.plist";
				IPHONEOS_DEPLOYMENT_TARGET = 9.0;
				LD_RUNPATH_SEARCH_PATHS = "$(inherited) @executable_path/Frameworks";
				PRODUCT_BUNDLE_IDENTIFIER = "co.tlab.TLab-Overflow";
				PRODUCT_NAME = "$(TARGET_NAME)";
				PROVISIONING_PROFILE_SPECIFIER = "";
				SWIFT_VERSION = 4.0;
				TARGETED_DEVICE_FAMILY = "1,2";
			};
			name = Debug;
		};
		8F77D42120C697A5003B26C5 /* Release */ = {
			isa = XCBuildConfiguration;
			baseConfigurationReference = A7368541C155911D2F997147 /* Pods-TLab Overflow.release.xcconfig */;
			buildSettings = {
				ASSETCATALOG_COMPILER_APPICON_NAME = AppIcon;
				CODE_SIGN_IDENTITY = "iPhone Developer";
				CODE_SIGN_STYLE = Automatic;
				DEVELOPMENT_TEAM = Q5CT794W3M;
				INFOPLIST_FILE = "TLab Overflow/Info.plist";
				IPHONEOS_DEPLOYMENT_TARGET = 9.0;
				LD_RUNPATH_SEARCH_PATHS = "$(inherited) @executable_path/Frameworks";
				PRODUCT_BUNDLE_IDENTIFIER = "co.tlab.TLab-Overflow";
				PRODUCT_NAME = "$(TARGET_NAME)";
				PROVISIONING_PROFILE_SPECIFIER = "";
				SWIFT_VERSION = 4.0;
				TARGETED_DEVICE_FAMILY = "1,2";
			};
			name = Release;
		};
/* End XCBuildConfiguration section */

/* Begin XCConfigurationList section */
		8F77D40820C697A1003B26C5 /* Build configuration list for PBXProject "TLab Overflow" */ = {
			isa = XCConfigurationList;
			buildConfigurations = (
				8F77D41D20C697A5003B26C5 /* Debug */,
				8F77D41E20C697A5003B26C5 /* Release */,
			);
			defaultConfigurationIsVisible = 0;
			defaultConfigurationName = Release;
		};
		8F77D41F20C697A5003B26C5 /* Build configuration list for PBXNativeTarget "TLab Overflow" */ = {
			isa = XCConfigurationList;
			buildConfigurations = (
				8F77D42020C697A5003B26C5 /* Debug */,
				8F77D42120C697A5003B26C5 /* Release */,
			);
			defaultConfigurationIsVisible = 0;
			defaultConfigurationName = Release;
		};
/* End XCConfigurationList section */
	};
	rootObject = 8F77D40520C697A1003B26C5 /* Project object */;
}
